// !$*UTF8*$!
{
	archiveVersion = 1;
	classes = {
	};
	objectVersion = 50;
	objects = {

/* Begin PBXBuildFile section */
		18C09BAF2563B5A00071BA6E /* AppDelegate.swift in Sources */ = {isa = PBXBuildFile; fileRef = 18C09BAE2563B5A00071BA6E /* AppDelegate.swift */; };
		18C09BB12563B5A00071BA6E /* SceneDelegate.swift in Sources */ = {isa = PBXBuildFile; fileRef = 18C09BB02563B5A00071BA6E /* SceneDelegate.swift */; };
		18C09BB32563B5A00071BA6E /* ViewController.swift in Sources */ = {isa = PBXBuildFile; fileRef = 18C09BB22563B5A00071BA6E /* ViewController.swift */; };
		18C09BB62563B5A00071BA6E /* Main.storyboard in Resources */ = {isa = PBXBuildFile; fileRef = 18C09BB42563B5A00071BA6E /* Main.storyboard */; };
		18C09BB82563B5A10071BA6E /* Assets.xcassets in Resources */ = {isa = PBXBuildFile; fileRef = 18C09BB72563B5A10071BA6E /* Assets.xcassets */; };
		18C09BBB2563B5A10071BA6E /* LaunchScreen.storyboard in Resources */ = {isa = PBXBuildFile; fileRef = 18C09BB92563B5A10071BA6E /* LaunchScreen.storyboard */; };
		18C09BC32563C20E0071BA6E /* CollectionViewCell.swift in Sources */ = {isa = PBXBuildFile; fileRef = 18C09BC22563C20E0071BA6E /* CollectionViewCell.swift */; };
/* End PBXBuildFile section */

/* Begin PBXFileReference section */
		18C09BAB2563B5A00071BA6E /* CollectionviewDemo.app */ = {isa = PBXFileReference; explicitFileType = wrapper.application; includeInIndex = 0; path = CollectionviewDemo.app; sourceTree = BUILT_PRODUCTS_DIR; };
		18C09BAE2563B5A00071BA6E /* AppDelegate.swift */ = {isa = PBXFileReference; lastKnownFileType = sourcecode.swift; path = AppDelegate.swift; sourceTree = "<group>"; };
		18C09BB02563B5A00071BA6E /* SceneDelegate.swift */ = {isa = PBXFileReference; lastKnownFileType = sourcecode.swift; path = SceneDelegate.swift; sourceTree = "<group>"; };
		18C09BB22563B5A00071BA6E /* ViewController.swift */ = {isa = PBXFileReference; lastKnownFileType = sourcecode.swift; path = ViewController.swift; sourceTree = "<group>"; };
		18C09BB52563B5A00071BA6E /* Base */ = {isa = PBXFileReference; lastKnownFileType = file.storyboard; name = Base; path = Base.lproj/Main.storyboard; sourceTree = "<group>"; };
		18C09BB72563B5A10071BA6E /* Assets.xcassets */ = {isa = PBXFileReference; lastKnownFileType = folder.assetcatalog; path = Assets.xcassets; sourceTree = "<group>"; };
		18C09BBA2563B5A10071BA6E /* Base */ = {isa = PBXFileReference; lastKnownFileType = file.storyboard; name = Base; path = Base.lproj/LaunchScreen.storyboard; sourceTree = "<group>"; };
		18C09BBC2563B5A10071BA6E /* Info.plist */ = {isa = PBXFileReference; lastKnownFileType = text.plist.xml; path = Info.plist; sourceTree = "<group>"; };
		18C09BC22563C20E0071BA6E /* CollectionViewCell.swift */ = {isa = PBXFileReference; lastKnownFileType = sourcecode.swift; path = CollectionViewCell.swift; sourceTree = "<group>"; };
/* End PBXFileReference section */

/* Begin PBXFrameworksBuildPhase section */
		18C09BA82563B5A00071BA6E /* Frameworks */ = {
			isa = PBXFrameworksBuildPhase;
			buildActionMask = 2147483647;
			files = (
			);
			runOnlyForDeploymentPostprocessing = 0;
		};
/* End PBXFrameworksBuildPhase section */

/* Begin PBXGroup section */
		18C09BA22563B5A00071BA6E = {
			isa = PBXGroup;
			children = (
				18C09BAD2563B5A00071BA6E /* CollectionviewDemo */,
				18C09BAC2563B5A00071BA6E /* Products */,
			);
			sourceTree = "<group>";
		};
		18C09BAC2563B5A00071BA6E /* Products */ = {
			isa = PBXGroup;
			children = (
				18C09BAB2563B5A00071BA6E /* CollectionviewDemo.app */,
			);
			name = Products;
			sourceTree = "<group>";
		};
		18C09BAD2563B5A00071BA6E /* CollectionviewDemo */ = {
			isa = PBXGroup;
			children = (
				18C09BAE2563B5A00071BA6E /* AppDelegate.swift */,
				18C09BB02563B5A00071BA6E /* SceneDelegate.swift */,
				18C09BB22563B5A00071BA6E /* ViewController.swift */,
				18C09BB42563B5A00071BA6E /* Main.storyboard */,
				18C09BC22563C20E0071BA6E /* CollectionViewCell.swift */,
				18C09BB72563B5A10071BA6E /* Assets.xcassets */,
				18C09BB92563B5A10071BA6E /* LaunchScreen.storyboard */,
				18C09BBC2563B5A10071BA6E /* Info.plist */,
			);
			path = CollectionviewDemo;
			sourceTree = "<group>";
		};
/* End PBXGroup section */

/* Begin PBXNativeTarget section */
		18C09BAA2563B5A00071BA6E /* CollectionviewDemo */ = {
			isa = PBXNativeTarget;
			buildConfigurationList = 18C09BBF2563B5A10071BA6E /* Build configuration list for PBXNativeTarget "CollectionviewDemo" */;
			buildPhases = (
				18C09BA72563B5A00071BA6E /* Sources */,
				18C09BA82563B5A00071BA6E /* Frameworks */,
				18C09BA92563B5A00071BA6E /* Resources */,
			);
			buildRules = (
			);
			dependencies = (
			);
			name = CollectionviewDemo;
			productName = CollectionviewDemo;
			productReference = 18C09BAB2563B5A00071BA6E /* CollectionviewDemo.app */;
			productType = "com.apple.product-type.application";
		};
/* End PBXNativeTarget section */

/* Begin PBXProject section */
		18C09BA32563B5A00071BA6E /* Project object */ = {
			isa = PBXProject;
			attributes = {
				LastSwiftUpdateCheck = 1130;
				LastUpgradeCheck = 1130;
				ORGANIZATIONNAME = Krify;
				TargetAttributes = {
					18C09BAA2563B5A00071BA6E = {
						CreatedOnToolsVersion = 11.3.1;
					};
				};
			};
			buildConfigurationList = 18C09BA62563B5A00071BA6E /* Build configuration list for PBXProject "CollectionviewDemo" */;
			compatibilityVersion = "Xcode 9.3";
			developmentRegion = en;
			hasScannedForEncodings = 0;
			knownRegions = (
				en,
				Base,
			);
			mainGroup = 18C09BA22563B5A00071BA6E;
			productRefGroup = 18C09BAC2563B5A00071BA6E /* Products */;
			projectDirPath = "";
			projectRoot = "";
			targets = (
				18C09BAA2563B5A00071BA6E /* CollectionviewDemo */,
			);
		};
/* End PBXProject section */

/* Begin PBXResourcesBuildPhase section */
		18C09BA92563B5A00071BA6E /* Resources */ = {
			isa = PBXResourcesBuildPhase;
			buildActionMask = 2147483647;
			files = (
				18C09BBB2563B5A10071BA6E /* LaunchScreen.storyboard in Resources */,
				18C09BB82563B5A10071BA6E /* Assets.xcassets in Resources */,
				18C09BB62563B5A00071BA6E /* Main.storyboard in Resources */,
			);
			runOnlyForDeploymentPostprocessing = 0;
		};
/* End PBXResourcesBuildPhase section */

/* Begin PBXSourcesBuildPhase section */
		18C09BA72563B5A00071BA6E /* Sources */ = {
			isa = PBXSourcesBuildPhase;
			buildActionMask = 2147483647;
			files = (
				18C09BB32563B5A00071BA6E /* ViewController.swift in Sources */,
				18C09BAF2563B5A00071BA6E /* AppDelegate.swift in Sources */,
				18C09BC32563C20E0071BA6E /* CollectionViewCell.swift in Sources */,
				18C09BB12563B5A00071BA6E /* SceneDelegate.swift in Sources */,
			);
			runOnlyForDeploymentPostprocessing = 0;
		};
/* End PBXSourcesBuildPhase section */

/* Begin PBXVariantGroup section */
		18C09BB42563B5A00071BA6E /* Main.storyboard */ = {
			isa = PBXVariantGroup;
			children = (
				18C09BB52563B5A00071BA6E /* Base */,
			);
			name = Main.storyboard;
			sourceTree = "<group>";
		};
		18C09BB92563B5A10071BA6E /* LaunchScreen.storyboard */ = {
			isa = PBXVariantGroup;
			children = (
				18C09BBA2563B5A10071BA6E /* Base */,
			);
			name = LaunchScreen.storyboard;
			sourceTree = "<group>";
		};
/* End PBXVariantGroup section */

/* Begin XCBuildConfiguration section */
		18C09BBD2563B5A10071BA6E /* Debug */ = {
			isa = XCBuildConfiguration;
			buildSettings = {
				ALWAYS_SEARCH_USER_PATHS = NO;
				CLANG_ANALYZER_NONNULL = YES;
				CLANG_ANALYZER_NUMBER_OBJECT_CONVERSION = YES_AGGRESSIVE;
				CLANG_CXX_LANGUAGE_STANDARD = "gnu++14";
				CLANG_CXX_LIBRARY = "libc++";
				CLANG_ENABLE_MODULES = YES;
				CLANG_ENABLE_OBJC_ARC = YES;
				CLANG_ENABLE_OBJC_WEAK = YES;
				CLANG_WARN_BLOCK_CAPTURE_AUTORELEASING = YES;
				CLANG_WARN_BOOL_CONVERSION = YES;
				CLANG_WARN_COMMA = YES;
				CLANG_WARN_CONSTANT_CONVERSION = YES;
				CLANG_WARN_DEPRECATED_OBJC_IMPLEMENTATIONS = YES;
				CLANG_WARN_DIRECT_OBJC_ISA_USAGE = YES_ERROR;
				CLANG_WARN_DOCUMENTATION_COMMENTS = YES;
				CLANG_WARN_EMPTY_BODY = YES;
				CLANG_WARN_ENUM_CONVERSION = YES;
				CLANG_WARN_INFINITE_RECURSION = YES;
				CLANG_WARN_INT_CONVERSION = YES;
				CLANG_WARN_NON_LITERAL_NULL_CONVERSION = YES;
				CLANG_WARN_OBJC_IMPLICIT_RETAIN_SELF = YES;
				CLANG_WARN_OBJC_LITERAL_CONVERSION = YES;
				CLANG_WARN_OBJC_ROOT_CLASS = YES_ERROR;
				CLANG_WARN_RANGE_LOOP_ANALYSIS = YES;
				CLANG_WARN_STRICT_PROTOTYPES = YES;
				CLANG_WARN_SUSPICIOUS_MOVE = YES;
				CLANG_WARN_UNGUARDED_AVAILABILITY = YES_AGGRESSIVE;
				CLANG_WARN_UNREACHABLE_CODE = YES;
				CLANG_WARN__DUPLICATE_METHOD_MATCH = YES;
				COPY_PHASE_STRIP = NO;
				DEBUG_INFORMATION_FORMAT = dwarf;
				ENABLE_STRICT_OBJC_MSGSEND = YES;
				ENABLE_TESTABILITY = YES;
				GCC_C_LANGUAGE_STANDARD = gnu11;
				GCC_DYNAMIC_NO_PIC = NO;
				GCC_NO_COMMON_BLOCKS = YES;
				GCC_OPTIMIZATION_LEVEL = 0;
				GCC_PREPROCESSOR_DEFINITIONS = (
					"DEBUG=1",
					"$(inherited)",
				);
				GCC_WARN_64_TO_32_BIT_CONVERSION = YES;
				GCC_WARN_ABOUT_RETURN_TYPE = YES_ERROR;
				GCC_WARN_UNDECLARED_SELECTOR = YES;
				GCC_WARN_UNINITIALIZED_AUTOS = YES_AGGRESSIVE;
				GCC_WARN_UNUSED_FUNCTION = YES;
				GCC_WARN_UNUSED_VARIABLE = YES;
				IPHONEOS_DEPLOYMENT_TARGET = 10.0;
				MTL_ENABLE_DEBUG_INFO = INCLUDE_SOURCE;
				MTL_FAST_MATH = YES;
				ONLY_ACTIVE_ARCH = YES;
				SDKROOT = iphoneos;
				SWIFT_ACTIVE_COMPILATION_CONDITIONS = DEBUG;
				SWIFT_OPTIMIZATION_LEVEL = "-Onone";
			};
			name = Debug;
		};
		18C09BBE2563B5A10071BA6E /* Release */ = {
			isa = XCBuildConfiguration;
			buildSettings = {
				ALWAYS_SEARCH_USER_PATHS = NO;
				CLANG_ANALYZER_NONNULL = YES;
				CLANG_ANALYZER_NUMBER_OBJECT_CONVERSION = YES_AGGRESSIVE;
				CLANG_CXX_LANGUAGE_STANDARD = "gnu++14";
				CLANG_CXX_LIBRARY = "libc++";
				CLANG_ENABLE_MODULES = YES;
				CLANG_ENABLE_OBJC_ARC = YES;
				CLANG_ENABLE_OBJC_WEAK = YES;
				CLANG_WARN_BLOCK_CAPTURE_AUTORELEASING = YES;
				CLANG_WARN_BOOL_CONVERSION = YES;
				CLANG_WARN_COMMA = YES;
				CLANG_WARN_CONSTANT_CONVERSION = YES;
				CLANG_WARN_DEPRECATED_OBJC_IMPLEMENTATIONS = YES;
				CLANG_WARN_DIRECT_OBJC_ISA_USAGE = YES_ERROR;
				CLANG_WARN_DOCUMENTATION_COMMENTS = YES;
				CLANG_WARN_EMPTY_BODY = YES;
				CLANG_WARN_ENUM_CONVERSION = YES;
				CLANG_WARN_INFINITE_RECURSION = YES;
				CLANG_WARN_INT_CONVERSION = YES;
				CLANG_WARN_NON_LITERAL_NULL_CONVERSION = YES;
				CLANG_WARN_OBJC_IMPLICIT_RETAIN_SELF = YES;
				CLANG_WARN_OBJC_LITERAL_CONVERSION = YES;
				CLANG_WARN_OBJC_ROOT_CLASS = YES_ERROR;
				CLANG_WARN_RANGE_LOOP_ANALYSIS = YES;
				CLANG_WARN_STRICT_PROTOTYPES = YES;
				CLANG_WARN_SUSPICIOUS_MOVE = YES;
				CLANG_WARN_UNGUARDED_AVAILABILITY = YES_AGGRESSIVE;
				CLANG_WARN_UNREACHABLE_CODE = YES;
				CLANG_WARN__DUPLICATE_METHOD_MATCH = YES;
				COPY_PHASE_STRIP = NO;
				DEBUG_INFORMATION_FORMAT = "dwarf-with-dsym";
				ENABLE_NS_ASSERTIONS = NO;
				ENABLE_STRICT_OBJC_MSGSEND = YES;
				GCC_C_LANGUAGE_STANDARD = gnu11;
				GCC_NO_COMMON_BLOCKS = YES;
				GCC_WARN_64_TO_32_BIT_CONVERSION = YES;
				GCC_WARN_ABOUT_RETURN_TYPE = YES_ERROR;
				GCC_WARN_UNDECLARED_SELECTOR = YES;
				GCC_WARN_UNINITIALIZED_AUTOS = YES_AGGRESSIVE;
				GCC_WARN_UNUSED_FUNCTION = YES;
				GCC_WARN_UNUSED_VARIABLE = YES;
				IPHONEOS_DEPLOYMENT_TARGET = 10.0;
				MTL_ENABLE_DEBUG_INFO = NO;
				MTL_FAST_MATH = YES;
				SDKROOT = iphoneos;
				SWIFT_COMPILATION_MODE = wholemodule;
				SWIFT_OPTIMIZATION_LEVEL = "-O";
				VALIDATE_PRODUCT = YES;
			};
			name = Release;
		};
		18C09BC02563B5A10071BA6E /* Debug */ = {
			isa = XCBuildConfiguration;
			buildSettings = {
				ASSETCATALOG_COMPILER_APPICON_NAME = AppIcon;
				CODE_SIGN_STYLE = Automatic;
				DEVELOPMENT_TEAM = B48NJV8578;
				INFOPLIST_FILE = CollectionviewDemo/Info.plist;
				LD_RUNPATH_SEARCH_PATHS = (
					"$(inherited)",
					"@executable_path/Frameworks",
				);
				PRODUCT_BUNDLE_IDENTIFIER = com.krify.CollectionviewDemo;
				PRODUCT_NAME = "$(TARGET_NAME)";
				SWIFT_VERSION = 5.0;
				TARGETED_DEVICE_FAMILY = 1;
			};
			name = Debug;
		};
		18C09BC12563B5A10071BA6E /* Release */ = {
			isa = XCBuildConfiguration;
			buildSettings = {
				ASSETCATALOG_COMPILER_APPICON_NAME = AppIcon;
				CODE_SIGN_STYLE = Automatic;
				DEVELOPMENT_TEAM = B48NJV8578;
				INFOPLIST_FILE = CollectionviewDemo/Info.plist;
				LD_RUNPATH_SEARCH_PATHS = (
					"$(inherited)",
					"@executable_path/Frameworks",
				);
				PRODUCT_BUNDLE_IDENTIFIER = com.krify.CollectionviewDemo;
				PRODUCT_NAME = "$(TARGET_NAME)";
				SWIFT_VERSION = 5.0;
				TARGETED_DEVICE_FAMILY = 1;
			};
			name = Release;
		};
/* End XCBuildConfiguration section */

/* Begin XCConfigurationList section */
		18C09BA62563B5A00071BA6E /* Build configuration list for PBXProject "CollectionviewDemo" */ = {
			isa = XCConfigurationList;
			buildConfigurations = (
				18C09BBD2563B5A10071BA6E /* Debug */,
				18C09BBE2563B5A10071BA6E /* Release */,
			);
			defaultConfigurationIsVisible = 0;
			defaultConfigurationName = Release;
		};
		18C09BBF2563B5A10071BA6E /* Build configuration list for PBXNativeTarget "CollectionviewDemo" */ = {
			isa = XCConfigurationList;
			buildConfigurations = (
				18C09BC02563B5A10071BA6E /* Debug */,
				18C09BC12563B5A10071BA6E /* Release */,
			);
			defaultConfigurationIsVisible = 0;
			defaultConfigurationName = Release;
		};
/* End XCConfigurationList section */
	};
	rootObject = 18C09BA32563B5A00071BA6E /* Project object */;
}
